// !$*UTF8*$!
{
	archiveVersion = 1;
	classes = {
	};
	objectVersion = 77;
	objects = {

/* Begin PBXBuildFile section */
		B6032C512E5F479300448632 /* BinderManagementSettingsView.swift in Sources */ = {isa = PBXBuildFile; fileRef = B6032C502E5F479300448632 /* BinderManagementSettingsView.swift */; };
		B6032C532E5F532900448632 /* MockEntryView.swift in Sources */ = {isa = PBXBuildFile; fileRef = B6032C522E5F532900448632 /* MockEntryView.swift */; };
		B60C524E2E05BC0D00800EB8 /* DateUtils.swift in Sources */ = {isa = PBXBuildFile; fileRef = B60C524D2E05BC0D00800EB8 /* DateUtils.swift */; };
		B60C52502E05BC3E00800EB8 /* JournalSection.swift in Sources */ = {isa = PBXBuildFile; fileRef = B60C524F2E05BC3E00800EB8 /* JournalSection.swift */; };
		B60C52562E05BC7B00800EB8 /* DashboardView.swift in Sources */ = {isa = PBXBuildFile; fileRef = B60C52552E05BC7B00800EB8 /* DashboardView.swift */; };
		B60C525E2E05BD1700800EB8 /* AddEntryView.swift in Sources */ = {isa = PBXBuildFile; fileRef = B60C525D2E05BD1700800EB8 /* AddEntryView.swift */; };
		B60C52642E05D0C000800EB8 /* AddPersonalTimeView.swift in Sources */ = {isa = PBXBuildFile; fileRef = B60C52632E05D0C000800EB8 /* AddPersonalTimeView.swift */; };
		B60C52662E05D0CA00800EB8 /* AddSermonNotesView.swift in Sources */ = {isa = PBXBuildFile; fileRef = B60C52652E05D0CA00800EB8 /* AddSermonNotesView.swift */; };
		B60C526A2E05DFD700800EB8 /* JournalEntryDetailView.swift in Sources */ = {isa = PBXBuildFile; fileRef = B60C52692E05DFD700800EB8 /* JournalEntryDetailView.swift */; };
		B60C526E2E05E56800800EB8 /* CardSectionView.swift in Sources */ = {isa = PBXBuildFile; fileRef = B60C526D2E05E56800800EB8 /* CardSectionView.swift */; };
		B60C52702E05FB7500800EB8 /* JournalModels.swift in Sources */ = {isa = PBXBuildFile; fileRef = B60C526F2E05FB7500800EB8 /* JournalModels.swift */; };
		B618C0A12E42A1DD00C07EAB /* ScriptureMemoryEntry.swift in Sources */ = {isa = PBXBuildFile; fileRef = B618C0A02E42A1DD00C07EAB /* ScriptureMemoryEntry.swift */; };
		B618C0A32E42A1F400C07EAB /* MemorizationModels.swift in Sources */ = {isa = PBXBuildFile; fileRef = B618C0A22E42A1F400C07EAB /* MemorizationModels.swift */; };
		B618C0A52E42A4BF00C07EAB /* AddScriptureMemoryView.swift in Sources */ = {isa = PBXBuildFile; fileRef = B618C0A42E42A4BF00C07EAB /* AddScriptureMemoryView.swift */; };
		B63C69A32E4392970090DF40 /* ScriptureFlashcardView.swift in Sources */ = {isa = PBXBuildFile; fileRef = B63C69A22E4392970090DF40 /* ScriptureFlashcardView.swift */; };
		B648ABCE2E3AD16D003FF91E /* FilterButton.swift in Sources */ = {isa = PBXBuildFile; fileRef = B648ABCD2E3AD16D003FF91E /* FilterButton.swift */; };
		B6693C542E0607B1002FD994 /* Color+AppColors.swift in Sources */ = {isa = PBXBuildFile; fileRef = B6693C532E0607B1002FD994 /* Color+AppColors.swift */; };
		B66F14AA2E43D58800C426E5 /* MemorizationEngine.swift in Sources */ = {isa = PBXBuildFile; fileRef = B66F14A92E43D58800C426E5 /* MemorizationEngine.swift */; };
		B66F14AE2E44F37300C426E5 /* Tag.swift in Sources */ = {isa = PBXBuildFile; fileRef = B66F14AD2E44F37300C426E5 /* Tag.swift */; };
		B66F14B02E44F38E00C426E5 /* Speaker.swift in Sources */ = {isa = PBXBuildFile; fileRef = B66F14AF2E44F38E00C426E5 /* Speaker.swift */; };
		B66F14B22E44F4D700C426E5 /* PreviewProvider.swift in Sources */ = {isa = PBXBuildFile; fileRef = B66F14B12E44F4D700C426E5 /* PreviewProvider.swift */; };
		B66F14B72E4A648F00C426E5 /* PrayerRequest.swift in Sources */ = {isa = PBXBuildFile; fileRef = B66F14B52E4A648F00C426E5 /* PrayerRequest.swift */; };
		B66F14B82E4A648F00C426E5 /* PrayerRequestStore.swift in Sources */ = {isa = PBXBuildFile; fileRef = B66F14B62E4A648F00C426E5 /* PrayerRequestStore.swift */; };
		B66F14B92E4A648F00C426E5 /* PrayerCategoryStore.swift in Sources */ = {isa = PBXBuildFile; fileRef = B66F14B42E4A648F00C426E5 /* PrayerCategoryStore.swift */; };
		B66F14BA2E4A648F00C426E5 /* PrayerCategory.swift in Sources */ = {isa = PBXBuildFile; fileRef = B66F14B32E4A648F00C426E5 /* PrayerCategory.swift */; };
		B66F14C42E4A64CC00C426E5 /* PrayerRequestDetailView.swift in Sources */ = {isa = PBXBuildFile; fileRef = B66F14C12E4A64CC00C426E5 /* PrayerRequestDetailView.swift */; };
		B66F14C52E4A64CC00C426E5 /* PrayerDashboardView.swift in Sources */ = {isa = PBXBuildFile; fileRef = B66F14C02E4A64CC00C426E5 /* PrayerDashboardView.swift */; };
		B66F14C62E4A64CC00C426E5 /* AnswerPrayerModal.swift in Sources */ = {isa = PBXBuildFile; fileRef = B66F14BC2E4A64CC00C426E5 /* AnswerPrayerModal.swift */; };
		B66F14C72E4A64CC00C426E5 /* PrayerAnsweredCelebrationView.swift in Sources */ = {isa = PBXBuildFile; fileRef = B66F14BD2E4A64CC00C426E5 /* PrayerAnsweredCelebrationView.swift */; };
		B66F14C92E4A64CC00C426E5 /* PrayerRequestListView.swift in Sources */ = {isa = PBXBuildFile; fileRef = B66F14C22E4A64CC00C426E5 /* PrayerRequestListView.swift */; };
		B66F14CA2E4A64CC00C426E5 /* AddPrayerRequestView.swift in Sources */ = {isa = PBXBuildFile; fileRef = B66F14BB2E4A64CC00C426E5 /* AddPrayerRequestView.swift */; };
		B66F155E2E4D444E00C426E5 /* NewSettingsView.swift in Sources */ = {isa = PBXBuildFile; fileRef = B66F155D2E4D444E00C426E5 /* NewSettingsView.swift */; };
		B66F157E2E4E213700C426E5 /* SpeakerManagementSettingsView.swift in Sources */ = {isa = PBXBuildFile; fileRef = B66F157C2E4E213700C426E5 /* SpeakerManagementSettingsView.swift */; };
		B66F157F2E4E213700C426E5 /* TagManagementSettingsView.swift in Sources */ = {isa = PBXBuildFile; fileRef = B66F157D2E4E213700C426E5 /* TagManagementSettingsView.swift */; };
		B66F15802E4E213700C426E5 /* PrayerCategoryManagementSettingsView.swift in Sources */ = {isa = PBXBuildFile; fileRef = B66F157B2E4E213700C426E5 /* PrayerCategoryManagementSettingsView.swift */; };
		B66F15822E4E292400C426E5 /* QuickAddMenuView.swift in Sources */ = {isa = PBXBuildFile; fileRef = B66F15812E4E292400C426E5 /* QuickAddMenuView.swift */; };
		B66F15882E4E5EB400C426E5 /* SpeakerPickerSheet.swift in Sources */ = {isa = PBXBuildFile; fileRef = B66F15862E4E5EB400C426E5 /* SpeakerPickerSheet.swift */; };
		B66F15892E4E5EB400C426E5 /* TagPickerSheet.swift in Sources */ = {isa = PBXBuildFile; fileRef = B66F15872E4E5EB400C426E5 /* TagPickerSheet.swift */; };
		B66F158A2E4E5EB400C426E5 /* ScripturePickerSheet.swift in Sources */ = {isa = PBXBuildFile; fileRef = B66F15852E4E5EB400C426E5 /* ScripturePickerSheet.swift */; };
		B66F158C2E4E649C00C426E5 /* PrayerCategoryPickerSheet.swift in Sources */ = {isa = PBXBuildFile; fileRef = B66F158B2E4E649C00C426E5 /* PrayerCategoryPickerSheet.swift */; };
		B66F15A92E4F7B9800C426E5 /* PersonalTimeListView.swift in Sources */ = {isa = PBXBuildFile; fileRef = B66F15A72E4F7B9800C426E5 /* PersonalTimeListView.swift */; };
		B66F15AA2E4F7B9800C426E5 /* SearchableListLayout.swift in Sources */ = {isa = PBXBuildFile; fileRef = B66F15A82E4F7B9800C426E5 /* SearchableListLayout.swift */; };
		B66F15AB2E4F7B9800C426E5 /* FilterChipSection.swift in Sources */ = {isa = PBXBuildFile; fileRef = B66F15A62E4F7B9800C426E5 /* FilterChipSection.swift */; };
		B66F15AC2E4F7B9800C426E5 /* ContextualSearchBar.swift in Sources */ = {isa = PBXBuildFile; fileRef = B66F15A52E4F7B9800C426E5 /* ContextualSearchBar.swift */; };
		B66F15B12E4F7FD000C426E5 /* ScriptureMemorizationListView.swift in Sources */ = {isa = PBXBuildFile; fileRef = B66F15AF2E4F7FD000C426E5 /* ScriptureMemorizationListView.swift */; };
		B66F15B22E4F7FD000C426E5 /* PrayerJournalListView.swift in Sources */ = {isa = PBXBuildFile; fileRef = B66F15AE2E4F7FD000C426E5 /* PrayerJournalListView.swift */; };
		B66F15B32E4F7FD000C426E5 /* GroupNotesListView.swift in Sources */ = {isa = PBXBuildFile; fileRef = B66F15AD2E4F7FD000C426E5 /* GroupNotesListView.swift */; };
		B66F15B42E4F7FD000C426E5 /* SermonNotesListView.swift in Sources */ = {isa = PBXBuildFile; fileRef = B66F15B02E4F7FD000C426E5 /* SermonNotesListView.swift */; };
		B66F15B62E4F96F700C426E5 /* OtherListView.swift in Sources */ = {isa = PBXBuildFile; fileRef = B66F15B52E4F96F700C426E5 /* OtherListView.swift */; };
		B66F15B82E4F9B6A00C426E5 /* ScriptureListComponents.swift in Sources */ = {isa = PBXBuildFile; fileRef = B66F15B72E4F9B6A00C426E5 /* ScriptureListComponents.swift */; };
		B66F15C62E526E5100C426E5 /* DailyScripture.swift in Sources */ = {isa = PBXBuildFile; fileRef = B66F15C52E526E5100C426E5 /* DailyScripture.swift */; };
		B66F15C82E526E8900C426E5 /* DailyScriptureCard.swift in Sources */ = {isa = PBXBuildFile; fileRef = B66F15C72E526E8900C426E5 /* DailyScriptureCard.swift */; };
		B66F15CA2E52720600C426E5 /* AnsweredPrayerScriptures.swift in Sources */ = {isa = PBXBuildFile; fileRef = B66F15C92E52720600C426E5 /* AnsweredPrayerScriptures.swift */; };
		B66F15D02E52B87D00C426E5 /* Binder.swift in Sources */ = {isa = PBXBuildFile; fileRef = B66F15CD2E52B87D00C426E5 /* Binder.swift */; };
		B66F15D12E52B87D00C426E5 /* BinderStore.swift in Sources */ = {isa = PBXBuildFile; fileRef = B66F15CE2E52B87D00C426E5 /* BinderStore.swift */; };
		B66F15D42E52B8A700C426E5 /* CreateBinderView.swift in Sources */ = {isa = PBXBuildFile; fileRef = B66F15D32E52B8A700C426E5 /* CreateBinderView.swift */; };
		B66F15D72E52BA0C00C426E5 /* BinderContentsView.swift in Sources */ = {isa = PBXBuildFile; fileRef = B66F15D62E52BA0C00C426E5 /* BinderContentsView.swift */; };
		B66F15DB2E52BA2B00C426E5 /* BinderDashboardView.swift in Sources */ = {isa = PBXBuildFile; fileRef = B66F15DA2E52BA2B00C426E5 /* BinderDashboardView.swift */; };
		B66F15DD2E54E87300C426E5 /* BinderPickerSheet.swift in Sources */ = {isa = PBXBuildFile; fileRef = B66F15DC2E54E87300C426E5 /* BinderPickerSheet.swift */; };
		B66F15DF2E54ED5000C426E5 /* BulkBinderPickerSheet.swift in Sources */ = {isa = PBXBuildFile; fileRef = B66F15DE2E54ED5000C426E5 /* BulkBinderPickerSheet.swift */; };
		B67127082E2186EE0097E590 /* SearchView.swift in Sources */ = {isa = PBXBuildFile; fileRef = B67127072E2186EE0097E590 /* SearchView.swift */; };
		B671270E2E21E4C00097E590 /* BibleBooks.swift in Sources */ = {isa = PBXBuildFile; fileRef = B671270D2E21E4C00097E590 /* BibleBooks.swift */; };
		B675A6D12E27423200B5906D /* ScripturePassageSelector.swift in Sources */ = {isa = PBXBuildFile; fileRef = B675A6D02E27423200B5906D /* ScripturePassageSelector.swift */; };
		B675A6D32E274ED000B5906D /* PassageRow.swift in Sources */ = {isa = PBXBuildFile; fileRef = B675A6D22E274ED000B5906D /* PassageRow.swift */; };
		B6AE9A332E3A699D00940291 /* TagStore.swift in Sources */ = {isa = PBXBuildFile; fileRef = B6AE9A322E3A699D00940291 /* TagStore.swift */; };
		B6E0622A2E283CF300BF32DE /* Utilities.swift in Sources */ = {isa = PBXBuildFile; fileRef = B6E062292E283CF300BF32DE /* Utilities.swift */; };
		B6E062322E2C6CDA00BF32DE /* SpeakerStore.swift in Sources */ = {isa = PBXBuildFile; fileRef = B6E062312E2C6CDA00BF32DE /* SpeakerStore.swift */; };
/* End PBXBuildFile section */

/* Begin PBXContainerItemProxy section */
		B60C520E2E05B6BE00800EB8 /* PBXContainerItemProxy */ = {
			isa = PBXContainerItemProxy;
			containerPortal = B60C51F62E05B6BD00800EB8 /* Project object */;
			proxyType = 1;
			remoteGlobalIDString = B60C51FD2E05B6BD00800EB8;
			remoteInfo = "Christian Life Journal";
		};
		B60C52182E05B6BE00800EB8 /* PBXContainerItemProxy */ = {
			isa = PBXContainerItemProxy;
			containerPortal = B60C51F62E05B6BD00800EB8 /* Project object */;
			proxyType = 1;
			remoteGlobalIDString = B60C51FD2E05B6BD00800EB8;
			remoteInfo = "Christian Life Journal";
		};
/* End PBXContainerItemProxy section */

/* Begin PBXFileReference section */
		B6032C502E5F479300448632 /* BinderManagementSettingsView.swift */ = {isa = PBXFileReference; lastKnownFileType = sourcecode.swift; path = BinderManagementSettingsView.swift; sourceTree = "<group>"; };
		B6032C522E5F532900448632 /* MockEntryView.swift */ = {isa = PBXFileReference; lastKnownFileType = sourcecode.swift; path = MockEntryView.swift; sourceTree = "<group>"; };
		B60C51FE2E05B6BD00800EB8 /* Christian Life Journal.app */ = {isa = PBXFileReference; explicitFileType = wrapper.application; includeInIndex = 0; path = "Christian Life Journal.app"; sourceTree = BUILT_PRODUCTS_DIR; };
		B60C520D2E05B6BE00800EB8 /* Christian Life JournalTests.xctest */ = {isa = PBXFileReference; explicitFileType = wrapper.cfbundle; includeInIndex = 0; path = "Christian Life JournalTests.xctest"; sourceTree = BUILT_PRODUCTS_DIR; };
		B60C52172E05B6BE00800EB8 /* Christian Life JournalUITests.xctest */ = {isa = PBXFileReference; explicitFileType = wrapper.cfbundle; includeInIndex = 0; path = "Christian Life JournalUITests.xctest"; sourceTree = BUILT_PRODUCTS_DIR; };
		B60C524D2E05BC0D00800EB8 /* DateUtils.swift */ = {isa = PBXFileReference; lastKnownFileType = sourcecode.swift; path = DateUtils.swift; sourceTree = "<group>"; };
		B60C524F2E05BC3E00800EB8 /* JournalSection.swift */ = {isa = PBXFileReference; lastKnownFileType = sourcecode.swift; path = JournalSection.swift; sourceTree = "<group>"; };
		B60C52552E05BC7B00800EB8 /* DashboardView.swift */ = {isa = PBXFileReference; lastKnownFileType = sourcecode.swift; path = DashboardView.swift; sourceTree = "<group>"; };
		B60C525D2E05BD1700800EB8 /* AddEntryView.swift */ = {isa = PBXFileReference; lastKnownFileType = sourcecode.swift; path = AddEntryView.swift; sourceTree = "<group>"; };
		B60C52632E05D0C000800EB8 /* AddPersonalTimeView.swift */ = {isa = PBXFileReference; lastKnownFileType = sourcecode.swift; path = AddPersonalTimeView.swift; sourceTree = "<group>"; };
		B60C52652E05D0CA00800EB8 /* AddSermonNotesView.swift */ = {isa = PBXFileReference; lastKnownFileType = sourcecode.swift; path = AddSermonNotesView.swift; sourceTree = "<group>"; };
		B60C52692E05DFD700800EB8 /* JournalEntryDetailView.swift */ = {isa = PBXFileReference; lastKnownFileType = sourcecode.swift; path = JournalEntryDetailView.swift; sourceTree = "<group>"; };
		B60C526D2E05E56800800EB8 /* CardSectionView.swift */ = {isa = PBXFileReference; lastKnownFileType = sourcecode.swift; path = CardSectionView.swift; sourceTree = "<group>"; };
		B60C526F2E05FB7500800EB8 /* JournalModels.swift */ = {isa = PBXFileReference; lastKnownFileType = sourcecode.swift; path = JournalModels.swift; sourceTree = "<group>"; };
		B618C0A02E42A1DD00C07EAB /* ScriptureMemoryEntry.swift */ = {isa = PBXFileReference; lastKnownFileType = sourcecode.swift; path = ScriptureMemoryEntry.swift; sourceTree = "<group>"; };
		B618C0A22E42A1F400C07EAB /* MemorizationModels.swift */ = {isa = PBXFileReference; lastKnownFileType = sourcecode.swift; path = MemorizationModels.swift; sourceTree = "<group>"; };
		B618C0A42E42A4BF00C07EAB /* AddScriptureMemoryView.swift */ = {isa = PBXFileReference; lastKnownFileType = sourcecode.swift; path = AddScriptureMemoryView.swift; sourceTree = "<group>"; };
		B63C69A22E4392970090DF40 /* ScriptureFlashcardView.swift */ = {isa = PBXFileReference; lastKnownFileType = sourcecode.swift; path = ScriptureFlashcardView.swift; sourceTree = "<group>"; };
		B648ABCD2E3AD16D003FF91E /* FilterButton.swift */ = {isa = PBXFileReference; lastKnownFileType = sourcecode.swift; path = FilterButton.swift; sourceTree = "<group>"; };
		B6693C532E0607B1002FD994 /* Color+AppColors.swift */ = {isa = PBXFileReference; lastKnownFileType = sourcecode.swift; path = "Color+AppColors.swift"; sourceTree = "<group>"; };
		B66F14A92E43D58800C426E5 /* MemorizationEngine.swift */ = {isa = PBXFileReference; lastKnownFileType = sourcecode.swift; path = MemorizationEngine.swift; sourceTree = "<group>"; };
		B66F14AD2E44F37300C426E5 /* Tag.swift */ = {isa = PBXFileReference; lastKnownFileType = sourcecode.swift; path = Tag.swift; sourceTree = "<group>"; };
		B66F14AF2E44F38E00C426E5 /* Speaker.swift */ = {isa = PBXFileReference; lastKnownFileType = sourcecode.swift; path = Speaker.swift; sourceTree = "<group>"; };
		B66F14B12E44F4D700C426E5 /* PreviewProvider.swift */ = {isa = PBXFileReference; lastKnownFileType = sourcecode.swift; path = PreviewProvider.swift; sourceTree = "<group>"; };
		B66F14B32E4A648F00C426E5 /* PrayerCategory.swift */ = {isa = PBXFileReference; lastKnownFileType = sourcecode.swift; path = PrayerCategory.swift; sourceTree = "<group>"; };
		B66F14B42E4A648F00C426E5 /* PrayerCategoryStore.swift */ = {isa = PBXFileReference; lastKnownFileType = sourcecode.swift; path = PrayerCategoryStore.swift; sourceTree = "<group>"; };
		B66F14B52E4A648F00C426E5 /* PrayerRequest.swift */ = {isa = PBXFileReference; lastKnownFileType = sourcecode.swift; path = PrayerRequest.swift; sourceTree = "<group>"; };
		B66F14B62E4A648F00C426E5 /* PrayerRequestStore.swift */ = {isa = PBXFileReference; lastKnownFileType = sourcecode.swift; path = PrayerRequestStore.swift; sourceTree = "<group>"; };
		B66F14BB2E4A64CC00C426E5 /* AddPrayerRequestView.swift */ = {isa = PBXFileReference; lastKnownFileType = sourcecode.swift; path = AddPrayerRequestView.swift; sourceTree = "<group>"; };
		B66F14BC2E4A64CC00C426E5 /* AnswerPrayerModal.swift */ = {isa = PBXFileReference; lastKnownFileType = sourcecode.swift; path = AnswerPrayerModal.swift; sourceTree = "<group>"; };
		B66F14BD2E4A64CC00C426E5 /* PrayerAnsweredCelebrationView.swift */ = {isa = PBXFileReference; lastKnownFileType = sourcecode.swift; path = PrayerAnsweredCelebrationView.swift; sourceTree = "<group>"; };
		B66F14C02E4A64CC00C426E5 /* PrayerDashboardView.swift */ = {isa = PBXFileReference; lastKnownFileType = sourcecode.swift; path = PrayerDashboardView.swift; sourceTree = "<group>"; };
		B66F14C12E4A64CC00C426E5 /* PrayerRequestDetailView.swift */ = {isa = PBXFileReference; lastKnownFileType = sourcecode.swift; path = PrayerRequestDetailView.swift; sourceTree = "<group>"; };
		B66F14C22E4A64CC00C426E5 /* PrayerRequestListView.swift */ = {isa = PBXFileReference; lastKnownFileType = sourcecode.swift; path = PrayerRequestListView.swift; sourceTree = "<group>"; };
		B66F155D2E4D444E00C426E5 /* NewSettingsView.swift */ = {isa = PBXFileReference; lastKnownFileType = sourcecode.swift; path = NewSettingsView.swift; sourceTree = "<group>"; };
		B66F157B2E4E213700C426E5 /* PrayerCategoryManagementSettingsView.swift */ = {isa = PBXFileReference; lastKnownFileType = sourcecode.swift; path = PrayerCategoryManagementSettingsView.swift; sourceTree = "<group>"; };
		B66F157C2E4E213700C426E5 /* SpeakerManagementSettingsView.swift */ = {isa = PBXFileReference; lastKnownFileType = sourcecode.swift; path = SpeakerManagementSettingsView.swift; sourceTree = "<group>"; };
		B66F157D2E4E213700C426E5 /* TagManagementSettingsView.swift */ = {isa = PBXFileReference; lastKnownFileType = sourcecode.swift; path = TagManagementSettingsView.swift; sourceTree = "<group>"; };
		B66F15812E4E292400C426E5 /* QuickAddMenuView.swift */ = {isa = PBXFileReference; lastKnownFileType = sourcecode.swift; path = QuickAddMenuView.swift; sourceTree = "<group>"; };
		B66F15852E4E5EB400C426E5 /* ScripturePickerSheet.swift */ = {isa = PBXFileReference; lastKnownFileType = sourcecode.swift; path = ScripturePickerSheet.swift; sourceTree = "<group>"; };
		B66F15862E4E5EB400C426E5 /* SpeakerPickerSheet.swift */ = {isa = PBXFileReference; lastKnownFileType = sourcecode.swift; path = SpeakerPickerSheet.swift; sourceTree = "<group>"; };
		B66F15872E4E5EB400C426E5 /* TagPickerSheet.swift */ = {isa = PBXFileReference; lastKnownFileType = sourcecode.swift; path = TagPickerSheet.swift; sourceTree = "<group>"; };
		B66F158B2E4E649C00C426E5 /* PrayerCategoryPickerSheet.swift */ = {isa = PBXFileReference; lastKnownFileType = sourcecode.swift; path = PrayerCategoryPickerSheet.swift; sourceTree = "<group>"; };
		B66F15A52E4F7B9800C426E5 /* ContextualSearchBar.swift */ = {isa = PBXFileReference; lastKnownFileType = sourcecode.swift; path = ContextualSearchBar.swift; sourceTree = "<group>"; };
		B66F15A62E4F7B9800C426E5 /* FilterChipSection.swift */ = {isa = PBXFileReference; lastKnownFileType = sourcecode.swift; path = FilterChipSection.swift; sourceTree = "<group>"; };
		B66F15A72E4F7B9800C426E5 /* PersonalTimeListView.swift */ = {isa = PBXFileReference; lastKnownFileType = sourcecode.swift; path = PersonalTimeListView.swift; sourceTree = "<group>"; };
		B66F15A82E4F7B9800C426E5 /* SearchableListLayout.swift */ = {isa = PBXFileReference; lastKnownFileType = sourcecode.swift; path = SearchableListLayout.swift; sourceTree = "<group>"; };
		B66F15AD2E4F7FD000C426E5 /* GroupNotesListView.swift */ = {isa = PBXFileReference; lastKnownFileType = sourcecode.swift; path = GroupNotesListView.swift; sourceTree = "<group>"; };
		B66F15AE2E4F7FD000C426E5 /* PrayerJournalListView.swift */ = {isa = PBXFileReference; lastKnownFileType = sourcecode.swift; path = PrayerJournalListView.swift; sourceTree = "<group>"; };
		B66F15AF2E4F7FD000C426E5 /* ScriptureMemorizationListView.swift */ = {isa = PBXFileReference; lastKnownFileType = sourcecode.swift; path = ScriptureMemorizationListView.swift; sourceTree = "<group>"; };
		B66F15B02E4F7FD000C426E5 /* SermonNotesListView.swift */ = {isa = PBXFileReference; lastKnownFileType = sourcecode.swift; path = SermonNotesListView.swift; sourceTree = "<group>"; };
		B66F15B52E4F96F700C426E5 /* OtherListView.swift */ = {isa = PBXFileReference; lastKnownFileType = sourcecode.swift; path = OtherListView.swift; sourceTree = "<group>"; };
		B66F15B72E4F9B6A00C426E5 /* ScriptureListComponents.swift */ = {isa = PBXFileReference; lastKnownFileType = sourcecode.swift; path = ScriptureListComponents.swift; sourceTree = "<group>"; };
		B66F15C52E526E5100C426E5 /* DailyScripture.swift */ = {isa = PBXFileReference; lastKnownFileType = sourcecode.swift; path = DailyScripture.swift; sourceTree = "<group>"; };
		B66F15C72E526E8900C426E5 /* DailyScriptureCard.swift */ = {isa = PBXFileReference; lastKnownFileType = sourcecode.swift; path = DailyScriptureCard.swift; sourceTree = "<group>"; };
		B66F15C92E52720600C426E5 /* AnsweredPrayerScriptures.swift */ = {isa = PBXFileReference; lastKnownFileType = sourcecode.swift; path = AnsweredPrayerScriptures.swift; sourceTree = "<group>"; };
		B66F15CD2E52B87D00C426E5 /* Binder.swift */ = {isa = PBXFileReference; lastKnownFileType = sourcecode.swift; path = Binder.swift; sourceTree = "<group>"; };
		B66F15CE2E52B87D00C426E5 /* BinderStore.swift */ = {isa = PBXFileReference; lastKnownFileType = sourcecode.swift; path = BinderStore.swift; sourceTree = "<group>"; };
		B66F15D32E52B8A700C426E5 /* CreateBinderView.swift */ = {isa = PBXFileReference; lastKnownFileType = sourcecode.swift; path = CreateBinderView.swift; sourceTree = "<group>"; };
		B66F15D62E52BA0C00C426E5 /* BinderContentsView.swift */ = {isa = PBXFileReference; lastKnownFileType = sourcecode.swift; name = BinderContentsView.swift; path = "Views/Binder Views/BinderContentsView.swift"; sourceTree = SOURCE_ROOT; };
		B66F15DA2E52BA2B00C426E5 /* BinderDashboardView.swift */ = {isa = PBXFileReference; lastKnownFileType = sourcecode.swift; path = BinderDashboardView.swift; sourceTree = "<group>"; };
		B66F15DC2E54E87300C426E5 /* BinderPickerSheet.swift */ = {isa = PBXFileReference; lastKnownFileType = sourcecode.swift; path = BinderPickerSheet.swift; sourceTree = "<group>"; };
		B66F15DE2E54ED5000C426E5 /* BulkBinderPickerSheet.swift */ = {isa = PBXFileReference; lastKnownFileType = sourcecode.swift; path = BulkBinderPickerSheet.swift; sourceTree = "<group>"; };
		B67127072E2186EE0097E590 /* SearchView.swift */ = {isa = PBXFileReference; lastKnownFileType = sourcecode.swift; path = SearchView.swift; sourceTree = "<group>"; };
		B671270D2E21E4C00097E590 /* BibleBooks.swift */ = {isa = PBXFileReference; lastKnownFileType = sourcecode.swift; path = BibleBooks.swift; sourceTree = "<group>"; };
		B675A6D02E27423200B5906D /* ScripturePassageSelector.swift */ = {isa = PBXFileReference; lastKnownFileType = sourcecode.swift; path = ScripturePassageSelector.swift; sourceTree = "<group>"; };
		B675A6D22E274ED000B5906D /* PassageRow.swift */ = {isa = PBXFileReference; lastKnownFileType = sourcecode.swift; path = PassageRow.swift; sourceTree = "<group>"; };
		B6AE9A322E3A699D00940291 /* TagStore.swift */ = {isa = PBXFileReference; lastKnownFileType = sourcecode.swift; path = TagStore.swift; sourceTree = "<group>"; };
		B6E062292E283CF300BF32DE /* Utilities.swift */ = {isa = PBXFileReference; lastKnownFileType = sourcecode.swift; path = Utilities.swift; sourceTree = "<group>"; };
		B6E062312E2C6CDA00BF32DE /* SpeakerStore.swift */ = {isa = PBXFileReference; lastKnownFileType = sourcecode.swift; path = SpeakerStore.swift; sourceTree = "<group>"; };
/* End PBXFileReference section */

/* Begin PBXFileSystemSynchronizedRootGroup section */
		B60C52002E05B6BD00800EB8 /* Christian Life Journal */ = {
			isa = PBXFileSystemSynchronizedRootGroup;
			path = "Christian Life Journal";
			sourceTree = "<group>";
		};
/* End PBXFileSystemSynchronizedRootGroup section */

/* Begin PBXFrameworksBuildPhase section */
		B60C51FB2E05B6BD00800EB8 /* Frameworks */ = {
			isa = PBXFrameworksBuildPhase;
			buildActionMask = 2147483647;
			files = (
			);
			runOnlyForDeploymentPostprocessing = 0;
		};
		B60C520A2E05B6BE00800EB8 /* Frameworks */ = {
			isa = PBXFrameworksBuildPhase;
			buildActionMask = 2147483647;
			files = (
			);
			runOnlyForDeploymentPostprocessing = 0;
		};
		B60C52142E05B6BE00800EB8 /* Frameworks */ = {
			isa = PBXFrameworksBuildPhase;
			buildActionMask = 2147483647;
			files = (
			);
			runOnlyForDeploymentPostprocessing = 0;
		};
/* End PBXFrameworksBuildPhase section */

/* Begin PBXGroup section */
		B60C51F52E05B6BD00800EB8 = {
			isa = PBXGroup;
			children = (
				B60C524C2E05BBDD00800EB8 /* Supporting */,
				B60C524B2E05BBD700800EB8 /* Views */,
				B60C524A2E05BBD100800EB8 /* ViewModels */,
				B60C52492E05BBC800800EB8 /* Models */,
				B60C52002E05B6BD00800EB8 /* Christian Life Journal */,
				B60C51FF2E05B6BD00800EB8 /* Products */,
			);
			sourceTree = "<group>";
		};
		B60C51FF2E05B6BD00800EB8 /* Products */ = {
			isa = PBXGroup;
			children = (
				B60C51FE2E05B6BD00800EB8 /* Christian Life Journal.app */,
				B60C520D2E05B6BE00800EB8 /* Christian Life JournalTests.xctest */,
				B60C52172E05B6BE00800EB8 /* Christian Life JournalUITests.xctest */,
			);
			name = Products;
			sourceTree = "<group>";
		};
		B60C52492E05BBC800800EB8 /* Models */ = {
			isa = PBXGroup;
			children = (
				B60C524F2E05BC3E00800EB8 /* JournalSection.swift */,
				B60C526F2E05FB7500800EB8 /* JournalModels.swift */,
				B671270D2E21E4C00097E590 /* BibleBooks.swift */,
				B66F14B12E44F4D700C426E5 /* PreviewProvider.swift */,
				B66F15CB2E52B50300C426E5 /* Rotating Scripture */,
				B66F15BD2E4F9CD600C426E5 /* Prayer Elements */,
				B66F15BC2E4F9CBD00C426E5 /* Scripture Memorization */,
				B66F15BB2E4F9CB500C426E5 /* Speakers */,
				B66F15B92E4F9C7D00C426E5 /* Tags */,
				B66F15CF2E52B87D00C426E5 /* Binder Elements */,
			);
			path = Models;
			sourceTree = "<group>";
		};
		B60C524A2E05BBD100800EB8 /* ViewModels */ = {
			isa = PBXGroup;
			children = (
			);
			path = ViewModels;
			sourceTree = "<group>";
		};
		B60C524B2E05BBD700800EB8 /* Views */ = {
			isa = PBXGroup;
			children = (
				B66F15C42E4F9DB900C426E5 /* Dashboard Elements */,
				B66F15C32E4F9D7F00C426E5 /* Search Views */,
				B66F15CC2E52B85300C426E5 /* Binder Views */,
				B66F15BE2E4F9CFC00C426E5 /* Add Entry Views */,
				B66F15C02E4F9D2800C426E5 /* Picker Sheets */,
				B66F15C22E4F9D5B00C426E5 /* List Views */,
				B66F15C12E4F9D5300C426E5 /* Detail Views */,
				B66F15BF2E4F9D1000C426E5 /* Settings */,
			);
			path = Views;
			sourceTree = "<group>";
		};
		B60C524C2E05BBDD00800EB8 /* Supporting */ = {
			isa = PBXGroup;
			children = (
				B60C524D2E05BC0D00800EB8 /* DateUtils.swift */,
				B6693C532E0607B1002FD994 /* Color+AppColors.swift */,
				B6E062292E283CF300BF32DE /* Utilities.swift */,
				B66F15B72E4F9B6A00C426E5 /* ScriptureListComponents.swift */,
			);
			path = Supporting;
			sourceTree = "<group>";
		};
		B66F15B92E4F9C7D00C426E5 /* Tags */ = {
			isa = PBXGroup;
			children = (
				B6AE9A322E3A699D00940291 /* TagStore.swift */,
				B66F14AD2E44F37300C426E5 /* Tag.swift */,
			);
			path = Tags;
			sourceTree = "<group>";
		};
		B66F15BB2E4F9CB500C426E5 /* Speakers */ = {
			isa = PBXGroup;
			children = (
				B6E062312E2C6CDA00BF32DE /* SpeakerStore.swift */,
				B66F14AF2E44F38E00C426E5 /* Speaker.swift */,
			);
			path = Speakers;
			sourceTree = "<group>";
		};
		B66F15BC2E4F9CBD00C426E5 /* Scripture Memorization */ = {
			isa = PBXGroup;
			children = (
				B618C0A02E42A1DD00C07EAB /* ScriptureMemoryEntry.swift */,
				B618C0A22E42A1F400C07EAB /* MemorizationModels.swift */,
				B66F14A92E43D58800C426E5 /* MemorizationEngine.swift */,
			);
			path = "Scripture Memorization";
			sourceTree = "<group>";
		};
		B66F15BD2E4F9CD600C426E5 /* Prayer Elements */ = {
			isa = PBXGroup;
			children = (
				B66F14B32E4A648F00C426E5 /* PrayerCategory.swift */,
				B66F14B42E4A648F00C426E5 /* PrayerCategoryStore.swift */,
				B66F14B52E4A648F00C426E5 /* PrayerRequest.swift */,
				B66F14B62E4A648F00C426E5 /* PrayerRequestStore.swift */,
			);
			path = "Prayer Elements";
			sourceTree = "<group>";
		};
		B66F15BE2E4F9CFC00C426E5 /* Add Entry Views */ = {
			isa = PBXGroup;
			children = (
				B6032C522E5F532900448632 /* MockEntryView.swift */,
				B60C525D2E05BD1700800EB8 /* AddEntryView.swift */,
				B60C52632E05D0C000800EB8 /* AddPersonalTimeView.swift */,
				B60C52652E05D0CA00800EB8 /* AddSermonNotesView.swift */,
				B618C0A42E42A4BF00C07EAB /* AddScriptureMemoryView.swift */,
				B66F14BB2E4A64CC00C426E5 /* AddPrayerRequestView.swift */,
			);
			path = "Add Entry Views";
			sourceTree = "<group>";
		};
		B66F15BF2E4F9D1000C426E5 /* Settings */ = {
			isa = PBXGroup;
			children = (
				B66F155D2E4D444E00C426E5 /* NewSettingsView.swift */,
				B66F157D2E4E213700C426E5 /* TagManagementSettingsView.swift */,
				B66F157C2E4E213700C426E5 /* SpeakerManagementSettingsView.swift */,
				B66F157B2E4E213700C426E5 /* PrayerCategoryManagementSettingsView.swift */,
				B6032C502E5F479300448632 /* BinderManagementSettingsView.swift */,
			);
			path = Settings;
			sourceTree = "<group>";
		};
		B66F15C02E4F9D2800C426E5 /* Picker Sheets */ = {
			isa = PBXGroup;
			children = (
				B66F15DE2E54ED5000C426E5 /* BulkBinderPickerSheet.swift */,
				B66F15DC2E54E87300C426E5 /* BinderPickerSheet.swift */,
				B675A6D02E27423200B5906D /* ScripturePassageSelector.swift */,
				B675A6D22E274ED000B5906D /* PassageRow.swift */,
				B66F15852E4E5EB400C426E5 /* ScripturePickerSheet.swift */,
				B66F15862E4E5EB400C426E5 /* SpeakerPickerSheet.swift */,
				B66F15872E4E5EB400C426E5 /* TagPickerSheet.swift */,
				B66F158B2E4E649C00C426E5 /* PrayerCategoryPickerSheet.swift */,
			);
			path = "Picker Sheets";
			sourceTree = "<group>";
		};
		B66F15C12E4F9D5300C426E5 /* Detail Views */ = {
			isa = PBXGroup;
			children = (
				B63C69A22E4392970090DF40 /* ScriptureFlashcardView.swift */,
				B60C52692E05DFD700800EB8 /* JournalEntryDetailView.swift */,
				B66F14C12E4A64CC00C426E5 /* PrayerRequestDetailView.swift */,
				B66F14BC2E4A64CC00C426E5 /* AnswerPrayerModal.swift */,
				B66F14BD2E4A64CC00C426E5 /* PrayerAnsweredCelebrationView.swift */,
			);
			path = "Detail Views";
			sourceTree = "<group>";
		};
		B66F15C22E4F9D5B00C426E5 /* List Views */ = {
			isa = PBXGroup;
			children = (
				B66F14C22E4A64CC00C426E5 /* PrayerRequestListView.swift */,
				B66F15A72E4F7B9800C426E5 /* PersonalTimeListView.swift */,
				B66F15AD2E4F7FD000C426E5 /* GroupNotesListView.swift */,
				B66F15AE2E4F7FD000C426E5 /* PrayerJournalListView.swift */,
				B66F15AF2E4F7FD000C426E5 /* ScriptureMemorizationListView.swift */,
				B66F15B02E4F7FD000C426E5 /* SermonNotesListView.swift */,
				B66F15B52E4F96F700C426E5 /* OtherListView.swift */,
				B66F14C02E4A64CC00C426E5 /* PrayerDashboardView.swift */,
			);
			path = "List Views";
			sourceTree = "<group>";
		};
		B66F15C32E4F9D7F00C426E5 /* Search Views */ = {
			isa = PBXGroup;
			children = (
				B67127072E2186EE0097E590 /* SearchView.swift */,
				B648ABCD2E3AD16D003FF91E /* FilterButton.swift */,
				B66F15A52E4F7B9800C426E5 /* ContextualSearchBar.swift */,
				B66F15A62E4F7B9800C426E5 /* FilterChipSection.swift */,
				B66F15A82E4F7B9800C426E5 /* SearchableListLayout.swift */,
			);
			path = "Search Views";
			sourceTree = "<group>";
		};
		B66F15C42E4F9DB900C426E5 /* Dashboard Elements */ = {
			isa = PBXGroup;
			children = (
				B60C52552E05BC7B00800EB8 /* DashboardView.swift */,
				B66F15C72E526E8900C426E5 /* DailyScriptureCard.swift */,
				B60C526D2E05E56800800EB8 /* CardSectionView.swift */,
				B66F15812E4E292400C426E5 /* QuickAddMenuView.swift */,
			);
			path = "Dashboard Elements";
			sourceTree = "<group>";
		};
		B66F15CB2E52B50300C426E5 /* Rotating Scripture */ = {
			isa = PBXGroup;
			children = (
				B66F15C52E526E5100C426E5 /* DailyScripture.swift */,
				B66F15C92E52720600C426E5 /* AnsweredPrayerScriptures.swift */,
			);
			path = "Rotating Scripture";
			sourceTree = "<group>";
		};
		B66F15CC2E52B85300C426E5 /* Binder Views */ = {
			isa = PBXGroup;
			children = (
				B66F15DA2E52BA2B00C426E5 /* BinderDashboardView.swift */,
				B66F15D62E52BA0C00C426E5 /* BinderContentsView.swift */,
				B66F15D32E52B8A700C426E5 /* CreateBinderView.swift */,
			);
			path = "Binder Views";
			sourceTree = "<group>";
		};
		B66F15CF2E52B87D00C426E5 /* Binder Elements */ = {
			isa = PBXGroup;
			children = (
				B66F15CD2E52B87D00C426E5 /* Binder.swift */,
				B66F15CE2E52B87D00C426E5 /* BinderStore.swift */,
			);
			path = "Binder Elements";
			sourceTree = "<group>";
		};
/* End PBXGroup section */

/* Begin PBXNativeTarget section */
		B60C51FD2E05B6BD00800EB8 /* Christian Life Journal */ = {
			isa = PBXNativeTarget;
			buildConfigurationList = B60C52212E05B6BE00800EB8 /* Build configuration list for PBXNativeTarget "Christian Life Journal" */;
			buildPhases = (
				B60C51FA2E05B6BD00800EB8 /* Sources */,
				B60C51FB2E05B6BD00800EB8 /* Frameworks */,
				B60C51FC2E05B6BD00800EB8 /* Resources */,
			);
			buildRules = (
			);
			dependencies = (
			);
			fileSystemSynchronizedGroups = (
				B60C52002E05B6BD00800EB8 /* Christian Life Journal */,
			);
			name = "Christian Life Journal";
			packageProductDependencies = (
			);
			productName = "Christian Life Journal";
			productReference = B60C51FE2E05B6BD00800EB8 /* Christian Life Journal.app */;
			productType = "com.apple.product-type.application";
		};
		B60C520C2E05B6BE00800EB8 /* Christian Life JournalTests */ = {
			isa = PBXNativeTarget;
			buildConfigurationList = B60C52242E05B6BE00800EB8 /* Build configuration list for PBXNativeTarget "Christian Life JournalTests" */;
			buildPhases = (
				B60C52092E05B6BE00800EB8 /* Sources */,
				B60C520A2E05B6BE00800EB8 /* Frameworks */,
				B60C520B2E05B6BE00800EB8 /* Resources */,
			);
			buildRules = (
			);
			dependencies = (
				B60C520F2E05B6BE00800EB8 /* PBXTargetDependency */,
			);
			name = "Christian Life JournalTests";
			packageProductDependencies = (
			);
			productName = "Christian Life JournalTests";
			productReference = B60C520D2E05B6BE00800EB8 /* Christian Life JournalTests.xctest */;
			productType = "com.apple.product-type.bundle.unit-test";
		};
		B60C52162E05B6BE00800EB8 /* Christian Life JournalUITests */ = {
			isa = PBXNativeTarget;
			buildConfigurationList = B60C52272E05B6BE00800EB8 /* Build configuration list for PBXNativeTarget "Christian Life JournalUITests" */;
			buildPhases = (
				B60C52132E05B6BE00800EB8 /* Sources */,
				B60C52142E05B6BE00800EB8 /* Frameworks */,
				B60C52152E05B6BE00800EB8 /* Resources */,
			);
			buildRules = (
			);
			dependencies = (
				B60C52192E05B6BE00800EB8 /* PBXTargetDependency */,
			);
			name = "Christian Life JournalUITests";
			packageProductDependencies = (
			);
			productName = "Christian Life JournalUITests";
			productReference = B60C52172E05B6BE00800EB8 /* Christian Life JournalUITests.xctest */;
			productType = "com.apple.product-type.bundle.ui-testing";
		};
/* End PBXNativeTarget section */

/* Begin PBXProject section */
		B60C51F62E05B6BD00800EB8 /* Project object */ = {
			isa = PBXProject;
			attributes = {
				BuildIndependentTargetsInParallel = 1;
				LastSwiftUpdateCheck = 1640;
				LastUpgradeCheck = 1640;
				TargetAttributes = {
					B60C51FD2E05B6BD00800EB8 = {
						CreatedOnToolsVersion = 16.4;
					};
					B60C520C2E05B6BE00800EB8 = {
						CreatedOnToolsVersion = 16.4;
						TestTargetID = B60C51FD2E05B6BD00800EB8;
					};
					B60C52162E05B6BE00800EB8 = {
						CreatedOnToolsVersion = 16.4;
						TestTargetID = B60C51FD2E05B6BD00800EB8;
					};
				};
			};
			buildConfigurationList = B60C51F92E05B6BD00800EB8 /* Build configuration list for PBXProject "Christian Life Journal" */;
			developmentRegion = en;
			hasScannedForEncodings = 0;
			knownRegions = (
				en,
				Base,
			);
			mainGroup = B60C51F52E05B6BD00800EB8;
			minimizedProjectReferenceProxies = 1;
			preferredProjectObjectVersion = 77;
			productRefGroup = B60C51FF2E05B6BD00800EB8 /* Products */;
			projectDirPath = "";
			projectRoot = "";
			targets = (
				B60C51FD2E05B6BD00800EB8 /* Christian Life Journal */,
				B60C520C2E05B6BE00800EB8 /* Christian Life JournalTests */,
				B60C52162E05B6BE00800EB8 /* Christian Life JournalUITests */,
			);
		};
/* End PBXProject section */

/* Begin PBXResourcesBuildPhase section */
		B60C51FC2E05B6BD00800EB8 /* Resources */ = {
			isa = PBXResourcesBuildPhase;
			buildActionMask = 2147483647;
			files = (
			);
			runOnlyForDeploymentPostprocessing = 0;
		};
		B60C520B2E05B6BE00800EB8 /* Resources */ = {
			isa = PBXResourcesBuildPhase;
			buildActionMask = 2147483647;
			files = (
			);
			runOnlyForDeploymentPostprocessing = 0;
		};
		B60C52152E05B6BE00800EB8 /* Resources */ = {
			isa = PBXResourcesBuildPhase;
			buildActionMask = 2147483647;
			files = (
			);
			runOnlyForDeploymentPostprocessing = 0;
		};
/* End PBXResourcesBuildPhase section */

/* Begin PBXSourcesBuildPhase section */
		B60C51FA2E05B6BD00800EB8 /* Sources */ = {
			isa = PBXSourcesBuildPhase;
			buildActionMask = 2147483647;
			files = (
				B66F15D42E52B8A700C426E5 /* CreateBinderView.swift in Sources */,
				B618C0A52E42A4BF00C07EAB /* AddScriptureMemoryView.swift in Sources */,
				B60C52562E05BC7B00800EB8 /* DashboardView.swift in Sources */,
				B60C52642E05D0C000800EB8 /* AddPersonalTimeView.swift in Sources */,
				B60C525E2E05BD1700800EB8 /* AddEntryView.swift in Sources */,
				B618C0A12E42A1DD00C07EAB /* ScriptureMemoryEntry.swift in Sources */,
				B66F14AE2E44F37300C426E5 /* Tag.swift in Sources */,
				B6AE9A332E3A699D00940291 /* TagStore.swift in Sources */,
				B66F15C62E526E5100C426E5 /* DailyScripture.swift in Sources */,
				B60C526A2E05DFD700800EB8 /* JournalEntryDetailView.swift in Sources */,
				B6032C512E5F479300448632 /* BinderManagementSettingsView.swift in Sources */,
				B671270E2E21E4C00097E590 /* BibleBooks.swift in Sources */,
				B60C52502E05BC3E00800EB8 /* JournalSection.swift in Sources */,
				B66F14B02E44F38E00C426E5 /* Speaker.swift in Sources */,
				B60C526E2E05E56800800EB8 /* CardSectionView.swift in Sources */,
				B66F15B12E4F7FD000C426E5 /* ScriptureMemorizationListView.swift in Sources */,
				B66F15B22E4F7FD000C426E5 /* PrayerJournalListView.swift in Sources */,
				B66F15B32E4F7FD000C426E5 /* GroupNotesListView.swift in Sources */,
				B66F15B42E4F7FD000C426E5 /* SermonNotesListView.swift in Sources */,
				B66F157E2E4E213700C426E5 /* SpeakerManagementSettingsView.swift in Sources */,
				B66F158C2E4E649C00C426E5 /* PrayerCategoryPickerSheet.swift in Sources */,
				B66F157F2E4E213700C426E5 /* TagManagementSettingsView.swift in Sources */,
				B66F15DB2E52BA2B00C426E5 /* BinderDashboardView.swift in Sources */,
				B66F15802E4E213700C426E5 /* PrayerCategoryManagementSettingsView.swift in Sources */,
				B66F14B22E44F4D700C426E5 /* PreviewProvider.swift in Sources */,
				B66F15882E4E5EB400C426E5 /* SpeakerPickerSheet.swift in Sources */,
				B66F15892E4E5EB400C426E5 /* TagPickerSheet.swift in Sources */,
				B66F158A2E4E5EB400C426E5 /* ScripturePickerSheet.swift in Sources */,
				B6E062322E2C6CDA00BF32DE /* SpeakerStore.swift in Sources */,
				B67127082E2186EE0097E590 /* SearchView.swift in Sources */,
				B66F15B82E4F9B6A00C426E5 /* ScriptureListComponents.swift in Sources */,
				B66F155E2E4D444E00C426E5 /* NewSettingsView.swift in Sources */,
				B675A6D32E274ED000B5906D /* PassageRow.swift in Sources */,
				B6032C532E5F532900448632 /* MockEntryView.swift in Sources */,
				B60C52662E05D0CA00800EB8 /* AddSermonNotesView.swift in Sources */,
				B60C524E2E05BC0D00800EB8 /* DateUtils.swift in Sources */,
				B675A6D12E27423200B5906D /* ScripturePassageSelector.swift in Sources */,
				B6693C542E0607B1002FD994 /* Color+AppColors.swift in Sources */,
				B63C69A32E4392970090DF40 /* ScriptureFlashcardView.swift in Sources */,
				B66F15CA2E52720600C426E5 /* AnsweredPrayerScriptures.swift in Sources */,
				B6E0622A2E283CF300BF32DE /* Utilities.swift in Sources */,
				B60C52702E05FB7500800EB8 /* JournalModels.swift in Sources */,
				B66F14B72E4A648F00C426E5 /* PrayerRequest.swift in Sources */,
				B66F14B82E4A648F00C426E5 /* PrayerRequestStore.swift in Sources */,
				B66F14B92E4A648F00C426E5 /* PrayerCategoryStore.swift in Sources */,
				B66F14BA2E4A648F00C426E5 /* PrayerCategory.swift in Sources */,
				B648ABCE2E3AD16D003FF91E /* FilterButton.swift in Sources */,
				B618C0A32E42A1F400C07EAB /* MemorizationModels.swift in Sources */,
				B66F14C42E4A64CC00C426E5 /* PrayerRequestDetailView.swift in Sources */,
				B66F15822E4E292400C426E5 /* QuickAddMenuView.swift in Sources */,
				B66F15DF2E54ED5000C426E5 /* BulkBinderPickerSheet.swift in Sources */,
				B66F14C52E4A64CC00C426E5 /* PrayerDashboardView.swift in Sources */,
				B66F14C62E4A64CC00C426E5 /* AnswerPrayerModal.swift in Sources */,
				B66F14C72E4A64CC00C426E5 /* PrayerAnsweredCelebrationView.swift in Sources */,
				B66F14C92E4A64CC00C426E5 /* PrayerRequestListView.swift in Sources */,
				B66F15B62E4F96F700C426E5 /* OtherListView.swift in Sources */,
				B66F15DD2E54E87300C426E5 /* BinderPickerSheet.swift in Sources */,
				B66F15C82E526E8900C426E5 /* DailyScriptureCard.swift in Sources */,
				B66F15A92E4F7B9800C426E5 /* PersonalTimeListView.swift in Sources */,
				B66F15AA2E4F7B9800C426E5 /* SearchableListLayout.swift in Sources */,
				B66F15D72E52BA0C00C426E5 /* BinderContentsView.swift in Sources */,
				B66F15AB2E4F7B9800C426E5 /* FilterChipSection.swift in Sources */,
				B66F15D02E52B87D00C426E5 /* Binder.swift in Sources */,
				B66F15D12E52B87D00C426E5 /* BinderStore.swift in Sources */,
				B66F15AC2E4F7B9800C426E5 /* ContextualSearchBar.swift in Sources */,
				B66F14CA2E4A64CC00C426E5 /* AddPrayerRequestView.swift in Sources */,
				B66F14AA2E43D58800C426E5 /* MemorizationEngine.swift in Sources */,
			);
			runOnlyForDeploymentPostprocessing = 0;
		};
		B60C52092E05B6BE00800EB8 /* Sources */ = {
			isa = PBXSourcesBuildPhase;
			buildActionMask = 2147483647;
			files = (
			);
			runOnlyForDeploymentPostprocessing = 0;
		};
		B60C52132E05B6BE00800EB8 /* Sources */ = {
			isa = PBXSourcesBuildPhase;
			buildActionMask = 2147483647;
			files = (
			);
			runOnlyForDeploymentPostprocessing = 0;
		};
/* End PBXSourcesBuildPhase section */

/* Begin PBXTargetDependency section */
		B60C520F2E05B6BE00800EB8 /* PBXTargetDependency */ = {
			isa = PBXTargetDependency;
			target = B60C51FD2E05B6BD00800EB8 /* Christian Life Journal */;
			targetProxy = B60C520E2E05B6BE00800EB8 /* PBXContainerItemProxy */;
		};
		B60C52192E05B6BE00800EB8 /* PBXTargetDependency */ = {
			isa = PBXTargetDependency;
			target = B60C51FD2E05B6BD00800EB8 /* Christian Life Journal */;
			targetProxy = B60C52182E05B6BE00800EB8 /* PBXContainerItemProxy */;
		};
/* End PBXTargetDependency section */

/* Begin XCBuildConfiguration section */
		B60C521F2E05B6BE00800EB8 /* Debug */ = {
			isa = XCBuildConfiguration;
			buildSettings = {
				ALWAYS_SEARCH_USER_PATHS = NO;
				ASSETCATALOG_COMPILER_GENERATE_SWIFT_ASSET_SYMBOL_EXTENSIONS = YES;
				CLANG_ANALYZER_NONNULL = YES;
				CLANG_ANALYZER_NUMBER_OBJECT_CONVERSION = YES_AGGRESSIVE;
				CLANG_CXX_LANGUAGE_STANDARD = "gnu++20";
				CLANG_ENABLE_MODULES = YES;
				CLANG_ENABLE_OBJC_ARC = YES;
				CLANG_ENABLE_OBJC_WEAK = YES;
				CLANG_WARN_BLOCK_CAPTURE_AUTORELEASING = YES;
				CLANG_WARN_BOOL_CONVERSION = YES;
				CLANG_WARN_COMMA = YES;
				CLANG_WARN_CONSTANT_CONVERSION = YES;
				CLANG_WARN_DEPRECATED_OBJC_IMPLEMENTATIONS = YES;
				CLANG_WARN_DIRECT_OBJC_ISA_USAGE = YES_ERROR;
				CLANG_WARN_DOCUMENTATION_COMMENTS = YES;
				CLANG_WARN_EMPTY_BODY = YES;
				CLANG_WARN_ENUM_CONVERSION = YES;
				CLANG_WARN_INFINITE_RECURSION = YES;
				CLANG_WARN_INT_CONVERSION = YES;
				CLANG_WARN_NON_LITERAL_NULL_CONVERSION = YES;
				CLANG_WARN_OBJC_IMPLICIT_RETAIN_SELF = YES;
				CLANG_WARN_OBJC_LITERAL_CONVERSION = YES;
				CLANG_WARN_OBJC_ROOT_CLASS = YES_ERROR;
				CLANG_WARN_QUOTED_INCLUDE_IN_FRAMEWORK_HEADER = YES;
				CLANG_WARN_RANGE_LOOP_ANALYSIS = YES;
				CLANG_WARN_STRICT_PROTOTYPES = YES;
				CLANG_WARN_SUSPICIOUS_MOVE = YES;
				CLANG_WARN_UNGUARDED_AVAILABILITY = YES_AGGRESSIVE;
				CLANG_WARN_UNREACHABLE_CODE = YES;
				CLANG_WARN__DUPLICATE_METHOD_MATCH = YES;
				COPY_PHASE_STRIP = NO;
				DEBUG_INFORMATION_FORMAT = dwarf;
				ENABLE_STRICT_OBJC_MSGSEND = YES;
				ENABLE_TESTABILITY = YES;
				ENABLE_USER_SCRIPT_SANDBOXING = YES;
				GCC_C_LANGUAGE_STANDARD = gnu17;
				GCC_DYNAMIC_NO_PIC = NO;
				GCC_NO_COMMON_BLOCKS = YES;
				GCC_OPTIMIZATION_LEVEL = 0;
				GCC_PREPROCESSOR_DEFINITIONS = (
					"DEBUG=1",
					"$(inherited)",
				);
				GCC_WARN_64_TO_32_BIT_CONVERSION = YES;
				GCC_WARN_ABOUT_RETURN_TYPE = YES_ERROR;
				GCC_WARN_UNDECLARED_SELECTOR = YES;
				GCC_WARN_UNINITIALIZED_AUTOS = YES_AGGRESSIVE;
				GCC_WARN_UNUSED_FUNCTION = YES;
				GCC_WARN_UNUSED_VARIABLE = YES;
				IPHONEOS_DEPLOYMENT_TARGET = 18.5;
				LOCALIZATION_PREFERS_STRING_CATALOGS = YES;
				MTL_ENABLE_DEBUG_INFO = INCLUDE_SOURCE;
				MTL_FAST_MATH = YES;
				ONLY_ACTIVE_ARCH = YES;
				SDKROOT = iphoneos;
				SWIFT_ACTIVE_COMPILATION_CONDITIONS = "DEBUG $(inherited)";
				SWIFT_OPTIMIZATION_LEVEL = "-Onone";
			};
			name = Debug;
		};
		B60C52202E05B6BE00800EB8 /* Release */ = {
			isa = XCBuildConfiguration;
			buildSettings = {
				ALWAYS_SEARCH_USER_PATHS = NO;
				ASSETCATALOG_COMPILER_GENERATE_SWIFT_ASSET_SYMBOL_EXTENSIONS = YES;
				CLANG_ANALYZER_NONNULL = YES;
				CLANG_ANALYZER_NUMBER_OBJECT_CONVERSION = YES_AGGRESSIVE;
				CLANG_CXX_LANGUAGE_STANDARD = "gnu++20";
				CLANG_ENABLE_MODULES = YES;
				CLANG_ENABLE_OBJC_ARC = YES;
				CLANG_ENABLE_OBJC_WEAK = YES;
				CLANG_WARN_BLOCK_CAPTURE_AUTORELEASING = YES;
				CLANG_WARN_BOOL_CONVERSION = YES;
				CLANG_WARN_COMMA = YES;
				CLANG_WARN_CONSTANT_CONVERSION = YES;
				CLANG_WARN_DEPRECATED_OBJC_IMPLEMENTATIONS = YES;
				CLANG_WARN_DIRECT_OBJC_ISA_USAGE = YES_ERROR;
				CLANG_WARN_DOCUMENTATION_COMMENTS = YES;
				CLANG_WARN_EMPTY_BODY = YES;
				CLANG_WARN_ENUM_CONVERSION = YES;
				CLANG_WARN_INFINITE_RECURSION = YES;
				CLANG_WARN_INT_CONVERSION = YES;
				CLANG_WARN_NON_LITERAL_NULL_CONVERSION = YES;
				CLANG_WARN_OBJC_IMPLICIT_RETAIN_SELF = YES;
				CLANG_WARN_OBJC_LITERAL_CONVERSION = YES;
				CLANG_WARN_OBJC_ROOT_CLASS = YES_ERROR;
				CLANG_WARN_QUOTED_INCLUDE_IN_FRAMEWORK_HEADER = YES;
				CLANG_WARN_RANGE_LOOP_ANALYSIS = YES;
				CLANG_WARN_STRICT_PROTOTYPES = YES;
				CLANG_WARN_SUSPICIOUS_MOVE = YES;
				CLANG_WARN_UNGUARDED_AVAILABILITY = YES_AGGRESSIVE;
				CLANG_WARN_UNREACHABLE_CODE = YES;
				CLANG_WARN__DUPLICATE_METHOD_MATCH = YES;
				COPY_PHASE_STRIP = NO;
				DEBUG_INFORMATION_FORMAT = "dwarf-with-dsym";
				ENABLE_NS_ASSERTIONS = NO;
				ENABLE_STRICT_OBJC_MSGSEND = YES;
				ENABLE_USER_SCRIPT_SANDBOXING = YES;
				GCC_C_LANGUAGE_STANDARD = gnu17;
				GCC_NO_COMMON_BLOCKS = YES;
				GCC_WARN_64_TO_32_BIT_CONVERSION = YES;
				GCC_WARN_ABOUT_RETURN_TYPE = YES_ERROR;
				GCC_WARN_UNDECLARED_SELECTOR = YES;
				GCC_WARN_UNINITIALIZED_AUTOS = YES_AGGRESSIVE;
				GCC_WARN_UNUSED_FUNCTION = YES;
				GCC_WARN_UNUSED_VARIABLE = YES;
				IPHONEOS_DEPLOYMENT_TARGET = 18.5;
				LOCALIZATION_PREFERS_STRING_CATALOGS = YES;
				MTL_ENABLE_DEBUG_INFO = NO;
				MTL_FAST_MATH = YES;
				SDKROOT = iphoneos;
				SWIFT_COMPILATION_MODE = wholemodule;
				VALIDATE_PRODUCT = YES;
			};
			name = Release;
		};
		B60C52222E05B6BE00800EB8 /* Debug */ = {
			isa = XCBuildConfiguration;
			buildSettings = {
				ASSETCATALOG_COMPILER_APPICON_NAME = AppIcon;
				ASSETCATALOG_COMPILER_GLOBAL_ACCENT_COLOR_NAME = AccentColor;
				CODE_SIGN_STYLE = Automatic;
				CURRENT_PROJECT_VERSION = 1;
				DEVELOPMENT_TEAM = Z5476SBJVC;
				ENABLE_PREVIEWS = YES;
				GENERATE_INFOPLIST_FILE = YES;
				INFOPLIST_KEY_UIApplicationSceneManifest_Generation = YES;
				INFOPLIST_KEY_UIApplicationSupportsIndirectInputEvents = YES;
				INFOPLIST_KEY_UILaunchScreen_Generation = YES;
				INFOPLIST_KEY_UISupportedInterfaceOrientations = UIInterfaceOrientationPortrait;
				INFOPLIST_KEY_UISupportedInterfaceOrientations_iPad = "UIInterfaceOrientationLandscapeRight UIInterfaceOrientationPortrait";
				LD_RUNPATH_SEARCH_PATHS = (
					"$(inherited)",
					"@executable_path/Frameworks",
				);
				MARKETING_VERSION = 1.0;
				PRODUCT_BUNDLE_IDENTIFIER = "colbyacorcoran.Christian-Life-Journal";
				PRODUCT_NAME = "$(TARGET_NAME)";
				SWIFT_EMIT_LOC_STRINGS = YES;
				SWIFT_VERSION = 5.0;
				TARGETED_DEVICE_FAMILY = "1,2";
			};
			name = Debug;
		};
		B60C52232E05B6BE00800EB8 /* Release */ = {
			isa = XCBuildConfiguration;
			buildSettings = {
				ASSETCATALOG_COMPILER_APPICON_NAME = AppIcon;
				ASSETCATALOG_COMPILER_GLOBAL_ACCENT_COLOR_NAME = AccentColor;
				CODE_SIGN_STYLE = Automatic;
				CURRENT_PROJECT_VERSION = 1;
				DEVELOPMENT_TEAM = Z5476SBJVC;
				ENABLE_PREVIEWS = YES;
				GENERATE_INFOPLIST_FILE = YES;
				INFOPLIST_KEY_UIApplicationSceneManifest_Generation = YES;
				INFOPLIST_KEY_UIApplicationSupportsIndirectInputEvents = YES;
				INFOPLIST_KEY_UILaunchScreen_Generation = YES;
				INFOPLIST_KEY_UISupportedInterfaceOrientations = UIInterfaceOrientationPortrait;
				INFOPLIST_KEY_UISupportedInterfaceOrientations_iPad = "UIInterfaceOrientationLandscapeRight UIInterfaceOrientationPortrait";
				LD_RUNPATH_SEARCH_PATHS = (
					"$(inherited)",
					"@executable_path/Frameworks",
				);
				MARKETING_VERSION = 1.0;
				PRODUCT_BUNDLE_IDENTIFIER = "colbyacorcoran.Christian-Life-Journal";
				PRODUCT_NAME = "$(TARGET_NAME)";
				SWIFT_EMIT_LOC_STRINGS = YES;
				SWIFT_VERSION = 5.0;
				TARGETED_DEVICE_FAMILY = "1,2";
			};
			name = Release;
		};
		B60C52252E05B6BE00800EB8 /* Debug */ = {
			isa = XCBuildConfiguration;
			buildSettings = {
				BUNDLE_LOADER = "$(TEST_HOST)";
				CODE_SIGN_STYLE = Automatic;
				CURRENT_PROJECT_VERSION = 1;
				GENERATE_INFOPLIST_FILE = YES;
				IPHONEOS_DEPLOYMENT_TARGET = 18.5;
				MARKETING_VERSION = 1.0;
				PRODUCT_BUNDLE_IDENTIFIER = "colbyacorcoran.Christian-Life-JournalTests";
				PRODUCT_NAME = "$(TARGET_NAME)";
				SWIFT_EMIT_LOC_STRINGS = NO;
				SWIFT_VERSION = 5.0;
				TARGETED_DEVICE_FAMILY = "1,2";
				TEST_HOST = "$(BUILT_PRODUCTS_DIR)/Christian Life Journal.app/$(BUNDLE_EXECUTABLE_FOLDER_PATH)/Christian Life Journal";
			};
			name = Debug;
		};
		B60C52262E05B6BE00800EB8 /* Release */ = {
			isa = XCBuildConfiguration;
			buildSettings = {
				BUNDLE_LOADER = "$(TEST_HOST)";
				CODE_SIGN_STYLE = Automatic;
				CURRENT_PROJECT_VERSION = 1;
				DEVELOPMENT_TEAM = Z5476SBJVC;
				GENERATE_INFOPLIST_FILE = YES;
				IPHONEOS_DEPLOYMENT_TARGET = 18.5;
				MARKETING_VERSION = 1.0;
				PRODUCT_BUNDLE_IDENTIFIER = "colbyacorcoran.Christian-Life-JournalTests";
				PRODUCT_NAME = "$(TARGET_NAME)";
				SWIFT_EMIT_LOC_STRINGS = NO;
				SWIFT_VERSION = 5.0;
				TARGETED_DEVICE_FAMILY = "1,2";
				TEST_HOST = "$(BUILT_PRODUCTS_DIR)/Christian Life Journal.app/$(BUNDLE_EXECUTABLE_FOLDER_PATH)/Christian Life Journal";
			};
			name = Release;
		};
		B60C52282E05B6BE00800EB8 /* Debug */ = {
			isa = XCBuildConfiguration;
			buildSettings = {
				CODE_SIGN_STYLE = Automatic;
				CURRENT_PROJECT_VERSION = 1;
				GENERATE_INFOPLIST_FILE = YES;
				MARKETING_VERSION = 1.0;
				PRODUCT_BUNDLE_IDENTIFIER = "colbyacorcoran.Christian-Life-JournalUITests";
				PRODUCT_NAME = "$(TARGET_NAME)";
				SWIFT_EMIT_LOC_STRINGS = NO;
				SWIFT_VERSION = 5.0;
				TARGETED_DEVICE_FAMILY = "1,2";
				TEST_TARGET_NAME = "Christian Life Journal";
			};
			name = Debug;
		};
		B60C52292E05B6BE00800EB8 /* Release */ = {
			isa = XCBuildConfiguration;
			buildSettings = {
				CODE_SIGN_STYLE = Automatic;
				CURRENT_PROJECT_VERSION = 1;
				DEVELOPMENT_TEAM = Z5476SBJVC;
				GENERATE_INFOPLIST_FILE = YES;
				MARKETING_VERSION = 1.0;
				PRODUCT_BUNDLE_IDENTIFIER = "colbyacorcoran.Christian-Life-JournalUITests";
				PRODUCT_NAME = "$(TARGET_NAME)";
				SWIFT_EMIT_LOC_STRINGS = NO;
				SWIFT_VERSION = 5.0;
				TARGETED_DEVICE_FAMILY = "1,2";
				TEST_TARGET_NAME = "Christian Life Journal";
			};
			name = Release;
		};
/* End XCBuildConfiguration section */

/* Begin XCConfigurationList section */
		B60C51F92E05B6BD00800EB8 /* Build configuration list for PBXProject "Christian Life Journal" */ = {
			isa = XCConfigurationList;
			buildConfigurations = (
				B60C521F2E05B6BE00800EB8 /* Debug */,
				B60C52202E05B6BE00800EB8 /* Release */,
			);
			defaultConfigurationIsVisible = 0;
			defaultConfigurationName = Release;
		};
		B60C52212E05B6BE00800EB8 /* Build configuration list for PBXNativeTarget "Christian Life Journal" */ = {
			isa = XCConfigurationList;
			buildConfigurations = (
				B60C52222E05B6BE00800EB8 /* Debug */,
				B60C52232E05B6BE00800EB8 /* Release */,
			);
			defaultConfigurationIsVisible = 0;
			defaultConfigurationName = Release;
		};
		B60C52242E05B6BE00800EB8 /* Build configuration list for PBXNativeTarget "Christian Life JournalTests" */ = {
			isa = XCConfigurationList;
			buildConfigurations = (
				B60C52252E05B6BE00800EB8 /* Debug */,
				B60C52262E05B6BE00800EB8 /* Release */,
			);
			defaultConfigurationIsVisible = 0;
			defaultConfigurationName = Release;
		};
		B60C52272E05B6BE00800EB8 /* Build configuration list for PBXNativeTarget "Christian Life JournalUITests" */ = {
			isa = XCConfigurationList;
			buildConfigurations = (
				B60C52282E05B6BE00800EB8 /* Debug */,
				B60C52292E05B6BE00800EB8 /* Release */,
			);
			defaultConfigurationIsVisible = 0;
			defaultConfigurationName = Release;
		};
/* End XCConfigurationList section */
	};
	rootObject = B60C51F62E05B6BD00800EB8 /* Project object */;
}
